
Microsoft Visual Studio Solution File, Format Version 12.00
# Visual Studio 14
VisualStudioVersion = 14.0.25420.1
MinimumVisualStudioVersion = 10.0.40219.1
Project("{8BC9CEB8-8B4A-11D0-8D11-00A0C91BC942}") = "1", "APIs\APIs.vcxproj", "{7AA42642-71C3-4E70-9F70-6D1B11258EEB}"
EndProject
Project("{8BC9CEB8-8B4A-11D0-8D11-00A0C91BC942}") = "2", "API2\API2.vcxproj", "{08A3379D-035E-4C51-B342-1E4240616570}"
EndProject
Project("{8BC9CEB8-8B4A-11D0-8D11-00A0C91BC942}") = "3", "dumpexpand\dumpexpand.vcxproj", "{4D207F98-21F2-4C11-B8EE-619ACD2F2F63}"
EndProject
Project("{8BC9CEB8-8B4A-11D0-8D11-00A0C91BC942}") = "fourandfive", "four\four.vcxproj", "{DDA31714-5781-447B-B82F-D4224C71AEDF}"
EndProject
Project("{8BC9CEB8-8B4A-11D0-8D11-00A0C91BC942}") = "6", "6\6.vcxproj", "{84BFAD29-AE01-4900-9716-DD7D177003FA}"
EndProject
Project("{8BC9CEB8-8B4A-11D0-8D11-00A0C91BC942}") = "7", "7\7.vcxproj", "{6D4D8F78-203D-452E-A70B-F4F82EEBBB4F}"
EndProject
Project("{8BC9CEB8-8B4A-11D0-8D11-00A0C91BC942}") = "9", "9\9.vcxproj", "{9C11FBEA-A7A9-4A84-9254-EEB784268971}"
EndProject
Project("{8BC9CEB8-8B4A-11D0-8D11-00A0C91BC942}") = "8", "8\8.vcxproj", "{D5444505-2A64-4311-B40B-C5D34C46C43A}"
EndProject
Project("{8BC9CEB8-8B4A-11D0-8D11-00A0C91BC942}") = "12", "12\12.vcxproj", "{680830FC-9E45-4A47-A61A-3BDA93AC2CA5}"
EndProject
Project("{8BC9CEB8-8B4A-11D0-8D11-00A0C91BC942}") = "13", "13\13.vcxproj", "{028222D9-C77C-47CB-987B-9209AF77C466}"
EndProject
Project("{8BC9CEB8-8B4A-11D0-8D11-00A0C91BC942}") = "14", "14\14.vcxproj", "{36A8E356-A750-468E-BA0F-8F574972F50B}"
EndProject
Project("{8BC9CEB8-8B4A-11D0-8D11-00A0C91BC942}") = "15", "15\15.vcxproj", "{0CCBAA49-527C-4FFC-B5B1-C88B0B574CFF}"
EndProject
Project("{8BC9CEB8-8B4A-11D0-8D11-00A0C91BC942}") = "--16--", "16\16.vcxproj", "{F6AE60E2-F543-49C5-B6AA-358A621EFBA1}"
EndProject
Project("{8BC9CEB8-8B4A-11D0-8D11-00A0C91BC942}") = "17", "17\17.vcxproj", "{C2F1020A-78B8-4EA6-986D-FBD1B3A0911E}"
EndProject
Project("{8BC9CEB8-8B4A-11D0-8D11-00A0C91BC942}") = "--10--", "--10--\--10--.vcxproj", "{473635AB-1D8B-47D2-B621-2E19590247BD}"
EndProject
Project("{8BC9CEB8-8B4A-11D0-8D11-00A0C91BC942}") = "--11--", "--11--\--11--.vcxproj", "{1326523C-6603-4661-8978-ED2C6837082A}"
EndProject
Global
	GlobalSection(SolutionConfigurationPlatforms) = preSolution
		Debug|x64 = Debug|x64
		Debug|x86 = Debug|x86
		Release|x64 = Release|x64
		Release|x86 = Release|x86
	EndGlobalSection
	GlobalSection(ProjectConfigurationPlatforms) = postSolution
		{7AA42642-71C3-4E70-9F70-6D1B11258EEB}.Debug|x64.ActiveCfg = Debug|x64
		{7AA42642-71C3-4E70-9F70-6D1B11258EEB}.Debug|x64.Build.0 = Debug|x64
		{7AA42642-71C3-4E70-9F70-6D1B11258EEB}.Debug|x86.ActiveCfg = Debug|Win32
		{7AA42642-71C3-4E70-9F70-6D1B11258EEB}.Debug|x86.Build.0 = Debug|Win32
		{7AA42642-71C3-4E70-9F70-6D1B11258EEB}.Release|x64.ActiveCfg = Release|x64
		{7AA42642-71C3-4E70-9F70-6D1B11258EEB}.Release|x64.Build.0 = Release|x64
		{7AA42642-71C3-4E70-9F70-6D1B11258EEB}.Release|x86.ActiveCfg = Release|Win32
		{7AA42642-71C3-4E70-9F70-6D1B11258EEB}.Release|x86.Build.0 = Release|Win32
		{08A3379D-035E-4C51-B342-1E4240616570}.Debug|x64.ActiveCfg = Debug|x64
		{08A3379D-035E-4C51-B342-1E4240616570}.Debug|x64.Build.0 = Debug|x64
		{08A3379D-035E-4C51-B342-1E4240616570}.Debug|x86.ActiveCfg = Debug|Win32
		{08A3379D-035E-4C51-B342-1E4240616570}.Debug|x86.Build.0 = Debug|Win32
		{08A3379D-035E-4C51-B342-1E4240616570}.Release|x64.ActiveCfg = Release|x64
		{08A3379D-035E-4C51-B342-1E4240616570}.Release|x64.Build.0 = Release|x64
		{08A3379D-035E-4C51-B342-1E4240616570}.Release|x86.ActiveCfg = Release|Win32
		{08A3379D-035E-4C51-B342-1E4240616570}.Release|x86.Build.0 = Release|Win32
		{4D207F98-21F2-4C11-B8EE-619ACD2F2F63}.Debug|x64.ActiveCfg = Debug|x64
		{4D207F98-21F2-4C11-B8EE-619ACD2F2F63}.Debug|x64.Build.0 = Debug|x64
		{4D207F98-21F2-4C11-B8EE-619ACD2F2F63}.Debug|x86.ActiveCfg = Debug|Win32
		{4D207F98-21F2-4C11-B8EE-619ACD2F2F63}.Debug|x86.Build.0 = Debug|Win32
		{4D207F98-21F2-4C11-B8EE-619ACD2F2F63}.Release|x64.ActiveCfg = Release|x64
		{4D207F98-21F2-4C11-B8EE-619ACD2F2F63}.Release|x64.Build.0 = Release|x64
		{4D207F98-21F2-4C11-B8EE-619ACD2F2F63}.Release|x86.ActiveCfg = Release|Win32
		{4D207F98-21F2-4C11-B8EE-619ACD2F2F63}.Release|x86.Build.0 = Release|Win32
		{DDA31714-5781-447B-B82F-D4224C71AEDF}.Debug|x64.ActiveCfg = Debug|x64
		{DDA31714-5781-447B-B82F-D4224C71AEDF}.Debug|x64.Build.0 = Debug|x64
		{DDA31714-5781-447B-B82F-D4224C71AEDF}.Debug|x86.ActiveCfg = Debug|Win32
		{DDA31714-5781-447B-B82F-D4224C71AEDF}.Debug|x86.Build.0 = Debug|Win32
		{DDA31714-5781-447B-B82F-D4224C71AEDF}.Release|x64.ActiveCfg = Release|x64
		{DDA31714-5781-447B-B82F-D4224C71AEDF}.Release|x64.Build.0 = Release|x64
		{DDA31714-5781-447B-B82F-D4224C71AEDF}.Release|x86.ActiveCfg = Release|Win32
		{DDA31714-5781-447B-B82F-D4224C71AEDF}.Release|x86.Build.0 = Release|Win32
		{84BFAD29-AE01-4900-9716-DD7D177003FA}.Debug|x64.ActiveCfg = Debug|x64
		{84BFAD29-AE01-4900-9716-DD7D177003FA}.Debug|x64.Build.0 = Debug|x64
		{84BFAD29-AE01-4900-9716-DD7D177003FA}.Debug|x86.ActiveCfg = Debug|Win32
		{84BFAD29-AE01-4900-9716-DD7D177003FA}.Debug|x86.Build.0 = Debug|Win32
		{84BFAD29-AE01-4900-9716-DD7D177003FA}.Release|x64.ActiveCfg = Release|x64
		{84BFAD29-AE01-4900-9716-DD7D177003FA}.Release|x64.Build.0 = Release|x64
		{84BFAD29-AE01-4900-9716-DD7D177003FA}.Release|x86.ActiveCfg = Release|Win32
		{84BFAD29-AE01-4900-9716-DD7D177003FA}.Release|x86.Build.0 = Release|Win32
		{6D4D8F78-203D-452E-A70B-F4F82EEBBB4F}.Debug|x64.ActiveCfg = Debug|x64
		{6D4D8F78-203D-452E-A70B-F4F82EEBBB4F}.Debug|x64.Build.0 = Debug|x64
		{6D4D8F78-203D-452E-A70B-F4F82EEBBB4F}.Debug|x86.ActiveCfg = Debug|Win32
		{6D4D8F78-203D-452E-A70B-F4F82EEBBB4F}.Debug|x86.Build.0 = Debug|Win32
		{6D4D8F78-203D-452E-A70B-F4F82EEBBB4F}.Release|x64.ActiveCfg = Release|x64
		{6D4D8F78-203D-452E-A70B-F4F82EEBBB4F}.Release|x64.Build.0 = Release|x64
		{6D4D8F78-203D-452E-A70B-F4F82EEBBB4F}.Release|x86.ActiveCfg = Release|Win32
		{6D4D8F78-203D-452E-A70B-F4F82EEBBB4F}.Release|x86.Build.0 = Release|Win32
		{9C11FBEA-A7A9-4A84-9254-EEB784268971}.Debug|x64.ActiveCfg = Debug|x64
		{9C11FBEA-A7A9-4A84-9254-EEB784268971}.Debug|x64.Build.0 = Debug|x64
		{9C11FBEA-A7A9-4A84-9254-EEB784268971}.Debug|x86.ActiveCfg = Debug|Win32
		{9C11FBEA-A7A9-4A84-9254-EEB784268971}.Debug|x86.Build.0 = Debug|Win32
		{9C11FBEA-A7A9-4A84-9254-EEB784268971}.Release|x64.ActiveCfg = Release|x64
		{9C11FBEA-A7A9-4A84-9254-EEB784268971}.Release|x64.Build.0 = Release|x64
		{9C11FBEA-A7A9-4A84-9254-EEB784268971}.Release|x86.ActiveCfg = Release|Win32
		{9C11FBEA-A7A9-4A84-9254-EEB784268971}.Release|x86.Build.0 = Release|Win32
		{D5444505-2A64-4311-B40B-C5D34C46C43A}.Debug|x64.ActiveCfg = Debug|x64
		{D5444505-2A64-4311-B40B-C5D34C46C43A}.Debug|x64.Build.0 = Debug|x64
		{D5444505-2A64-4311-B40B-C5D34C46C43A}.Debug|x86.ActiveCfg = Debug|Win32
		{D5444505-2A64-4311-B40B-C5D34C46C43A}.Debug|x86.Build.0 = Debug|Win32
		{D5444505-2A64-4311-B40B-C5D34C46C43A}.Release|x64.ActiveCfg = Release|x64
		{D5444505-2A64-4311-B40B-C5D34C46C43A}.Release|x64.Build.0 = Release|x64
		{D5444505-2A64-4311-B40B-C5D34C46C43A}.Release|x86.ActiveCfg = Release|Win32
		{D5444505-2A64-4311-B40B-C5D34C46C43A}.Release|x86.Build.0 = Release|Win32
		{680830FC-9E45-4A47-A61A-3BDA93AC2CA5}.Debug|x64.ActiveCfg = Debug|x64
		{680830FC-9E45-4A47-A61A-3BDA93AC2CA5}.Debug|x64.Build.0 = Debug|x64
		{680830FC-9E45-4A47-A61A-3BDA93AC2CA5}.Debug|x86.ActiveCfg = Debug|Win32
		{680830FC-9E45-4A47-A61A-3BDA93AC2CA5}.Debug|x86.Build.0 = Debug|Win32
		{680830FC-9E45-4A47-A61A-3BDA93AC2CA5}.Release|x64.ActiveCfg = Release|x64
		{680830FC-9E45-4A47-A61A-3BDA93AC2CA5}.Release|x64.Build.0 = Release|x64
		{680830FC-9E45-4A47-A61A-3BDA93AC2CA5}.Release|x86.ActiveCfg = Release|Win32
		{680830FC-9E45-4A47-A61A-3BDA93AC2CA5}.Release|x86.Build.0 = Release|Win32
		{028222D9-C77C-47CB-987B-9209AF77C466}.Debug|x64.ActiveCfg = Debug|x64
		{028222D9-C77C-47CB-987B-9209AF77C466}.Debug|x64.Build.0 = Debug|x64
		{028222D9-C77C-47CB-987B-9209AF77C466}.Debug|x86.ActiveCfg = Debug|Win32
		{028222D9-C77C-47CB-987B-9209AF77C466}.Debug|x86.Build.0 = Debug|Win32
		{028222D9-C77C-47CB-987B-9209AF77C466}.Release|x64.ActiveCfg = Release|x64
		{028222D9-C77C-47CB-987B-9209AF77C466}.Release|x64.Build.0 = Release|x64
		{028222D9-C77C-47CB-987B-9209AF77C466}.Release|x86.ActiveCfg = Release|Win32
		{028222D9-C77C-47CB-987B-9209AF77C466}.Release|x86.Build.0 = Release|Win32
		{36A8E356-A750-468E-BA0F-8F574972F50B}.Debug|x64.ActiveCfg = Debug|x64
		{36A8E356-A750-468E-BA0F-8F574972F50B}.Debug|x64.Build.0 = Debug|x64
		{36A8E356-A750-468E-BA0F-8F574972F50B}.Debug|x86.ActiveCfg = Debug|Win32
		{36A8E356-A750-468E-BA0F-8F574972F50B}.Debug|x86.Build.0 = Debug|Win32
		{36A8E356-A750-468E-BA0F-8F574972F50B}.Release|x64.ActiveCfg = Release|x64
		{36A8E356-A750-468E-BA0F-8F574972F50B}.Release|x64.Build.0 = Release|x64
		{36A8E356-A750-468E-BA0F-8F574972F50B}.Release|x86.ActiveCfg = Release|Win32
		{36A8E356-A750-468E-BA0F-8F574972F50B}.Release|x86.Build.0 = Release|Win32
		{0CCBAA49-527C-4FFC-B5B1-C88B0B574CFF}.Debug|x64.ActiveCfg = Debug|x64
		{0CCBAA49-527C-4FFC-B5B1-C88B0B574CFF}.Debug|x64.Build.0 = Debug|x64
		{0CCBAA49-527C-4FFC-B5B1-C88B0B574CFF}.Debug|x86.ActiveCfg = Debug|Win32
		{0CCBAA49-527C-4FFC-B5B1-C88B0B574CFF}.Debug|x86.Build.0 = Debug|Win32
		{0CCBAA49-527C-4FFC-B5B1-C88B0B574CFF}.Release|x64.ActiveCfg = Release|x64
		{0CCBAA49-527C-4FFC-B5B1-C88B0B574CFF}.Release|x64.Build.0 = Release|x64
		{0CCBAA49-527C-4FFC-B5B1-C88B0B574CFF}.Release|x86.ActiveCfg = Release|Win32
		{0CCBAA49-527C-4FFC-B5B1-C88B0B574CFF}.Release|x86.Build.0 = Release|Win32
		{F6AE60E2-F543-49C5-B6AA-358A621EFBA1}.Debug|x64.ActiveCfg = Debug|x64
		{F6AE60E2-F543-49C5-B6AA-358A621EFBA1}.Debug|x64.Build.0 = Debug|x64
		{F6AE60E2-F543-49C5-B6AA-358A621EFBA1}.Debug|x86.ActiveCfg = Debug|Win32
		{F6AE60E2-F543-49C5-B6AA-358A621EFBA1}.Debug|x86.Build.0 = Debug|Win32
		{F6AE60E2-F543-49C5-B6AA-358A621EFBA1}.Release|x64.ActiveCfg = Release|x64
		{F6AE60E2-F543-49C5-B6AA-358A621EFBA1}.Release|x64.Build.0 = Release|x64
		{F6AE60E2-F543-49C5-B6AA-358A621EFBA1}.Release|x86.ActiveCfg = Release|Win32
		{F6AE60E2-F543-49C5-B6AA-358A621EFBA1}.Release|x86.Build.0 = Release|Win32
		{C2F1020A-78B8-4EA6-986D-FBD1B3A0911E}.Debug|x64.ActiveCfg = Debug|x64
		{C2F1020A-78B8-4EA6-986D-FBD1B3A0911E}.Debug|x64.Build.0 = Debug|x64
		{C2F1020A-78B8-4EA6-986D-FBD1B3A0911E}.Debug|x86.ActiveCfg = Debug|Win32
		{C2F1020A-78B8-4EA6-986D-FBD1B3A0911E}.Debug|x86.Build.0 = Debug|Win32
		{C2F1020A-78B8-4EA6-986D-FBD1B3A0911E}.Release|x64.ActiveCfg = Release|x64
		{C2F1020A-78B8-4EA6-986D-FBD1B3A0911E}.Release|x64.Build.0 = Release|x64
		{C2F1020A-78B8-4EA6-986D-FBD1B3A0911E}.Release|x86.ActiveCfg = Release|Win32
		{C2F1020A-78B8-4EA6-986D-FBD1B3A0911E}.Release|x86.Build.0 = Release|Win32
		{473635AB-1D8B-47D2-B621-2E19590247BD}.Debug|x64.ActiveCfg = Debug|x64
		{473635AB-1D8B-47D2-B621-2E19590247BD}.Debug|x64.Build.0 = Debug|x64
		{473635AB-1D8B-47D2-B621-2E19590247BD}.Debug|x86.ActiveCfg = Debug|Win32
		{473635AB-1D8B-47D2-B621-2E19590247BD}.Debug|x86.Build.0 = Debug|Win32
		{473635AB-1D8B-47D2-B621-2E19590247BD}.Release|x64.ActiveCfg = Release|x64
		{473635AB-1D8B-47D2-B621-2E19590247BD}.Release|x64.Build.0 = Release|x64
		{473635AB-1D8B-47D2-B621-2E19590247BD}.Release|x86.ActiveCfg = Release|Win32
		{473635AB-1D8B-47D2-B621-2E19590247BD}.Release|x86.Build.0 = Release|Win32
		{1326523C-6603-4661-8978-ED2C6837082A}.Debug|x64.ActiveCfg = Debug|x64
		{1326523C-6603-4661-8978-ED2C6837082A}.Debug|x64.Build.0 = Debug|x64
		{1326523C-6603-4661-8978-ED2C6837082A}.Debug|x86.ActiveCfg = Debug|Win32
		{1326523C-6603-4661-8978-ED2C6837082A}.Debug|x86.Build.0 = Debug|Win32
		{1326523C-6603-4661-8978-ED2C6837082A}.Release|x64.ActiveCfg = Release|x64
		{1326523C-6603-4661-8978-ED2C6837082A}.Release|x64.Build.0 = Release|x64
		{1326523C-6603-4661-8978-ED2C6837082A}.Release|x86.ActiveCfg = Release|Win32
		{1326523C-6603-4661-8978-ED2C6837082A}.Release|x86.Build.0 = Release|Win32
	EndGlobalSection
	GlobalSection(SolutionProperties) = preSolution
		HideSolutionNode = FALSE
	EndGlobalSection
EndGlobal
